github.com/Nerdmaster/magicsql v0.10.1 h1:01JD0da/2n9HsGnwmd1qS2DTolcaur9u9TVQn0rOC+s=
github.com/Nerdmaster/magicsql v0.10.1/go.mod h1:MqLFz6eaQVE6ysusi3NVz5bcNuULtwfSorc1aoYZG6s=
github.com/Nerdmaster/magicsql v0.11.0 h1:YXSYCXZPzoeK4uRfdXVttuD1+i1Af+0aiZO9BAiIDek=
github.com/Nerdmaster/magicsql v0.11.0/go.mod h1:VSxpxLy7SnfHjqM6B9LoO8GukliXLyHViUAmx79gCMc=
github.com/Nerdmaster/terminal v0.12.1 h1:DGb3ya55nZdqdBMjWQHNF5mHYHS2eJgYLqmw3KnE1cQ=
github.com/Nerdmaster/terminal v0.12.1/go.mod h1:Dg6++m3aF+P/l8RdYb/2N6zK3CqvUfzhBreUNEWuQ8M=
github.com/go-sql-driver/mysql v1.3.0 h1:pgwjLi/dvffoP9aabwkT3AKpXQM93QARkjFhDDqC1UE=
github.com/go-sql-driver/mysql v1.3.0/go.mod h1:zAC/RDZ24gD3HViQzih4MyKcchzm+sOG5ZlKdlhCg5w=
github.com/google/go-cmp v0.3.1 h1:Xye71clBPdm5HgqGwUkwhbynsUJZhDbS20FvLhQ2izg=
github.com/google/go-cmp v0.3.1/go.mod h1:8QqcDgzrUqlUb/G2PQTWiueGozuR1884gddMywk6iLU=
github.com/gorilla/context v1.1.1 h1:AWwleXJkX/nhcU9bZSnZoi3h/qGYqQAGhq6zZe/aQW8=
github.com/gorilla/context v1.1.1/go.mod h1:kBGZzfjB9CEq2AlWe17Uuf7NDRt0dE0s8S51q0aT7Yg=
github.com/gorilla/mux v1.7.0 h1:tOSd0UKHQd6urX6ApfOn4XdBMY6Sh1MfxV3kmaazO+U=
github.com/gorilla/mux v1.7.0/go.mod h1:1lud6UwP+6orDFRuTfBEV8e9/aOM/c4fVVCaMa2zaAs=
github.com/gorilla/securecookie v1.1.1 h1:miw7JPhV+b/lAHSXz4qd/nN9jRiAFV5FwjeKyCS8BvQ=
github.com/gorilla/securecookie v1.1.1/go.mod h1:ra0sb63/xPlUeL+yeDciTfxMRAA+MP+HVt/4epWDjd4=
github.com/gorilla/sessions v1.1.3 h1:uXoZdcdA5XdXF3QzuSlheVRUvjl+1rKY7zBXL68L9RU=
github.com/gorilla/sessions v1.1.3/go.mod h1:8KCfur6+4Mqcc6S0FEfKuN15Vl5MgXW92AE8ovaJD0w=
github.com/jessevdk/go-flags v1.4.0 h1:4IU2WS7AumrZ/40jfhf4QVDMsQwqA7VEHozFRrGARJA=
github.com/jessevdk/go-flags v1.4.0/go.mod h1:4FA24M0QyGHXBuZZK/XkWh8h0e1EYbRYJSGM75WSRxI=
github.com/mattn/go-sqlite3 v1.10.0 h1:jbhqpg7tQe4SupckyijYiy0mJJ/pRyHvXf7JdWK860o=
github.com/mattn/go-sqlite3 v1.10.0/go.mod h1:FPy6KqzDD04eiIsT53CuJW3U88zkxoIYsOqkbpncsNc=
github.com/uoregon-libraries/gopkg v0.15.0 h1:FWA7r6b8zClZCWNWiuHbpnOW84lzLTaal7gxpneS5p4=
github.com/uoregon-libraries/gopkg v0.15.0/go.mod h1:pNXCq9en+GoGKyz4Qkaz0brgjKtNp3FlwUQ/VvQGPes=
golang.org/x/crypto v0.0.0-20190320223903-b7391e95e576 h1:aUX/1G2gFSs4AsJJg2cL3HuoRhCSCz733FE5GUSuaT4=
golang.org/x/crypto v0.0.0-20190320223903-b7391e95e576/go.mod h1:djNgcEr1/C05ACkg1iLfiJU5Ep61QUkGW8qpdssI0+w=
golang.org/x/sys v0.0.0-20190215142949-d0b11bdaac8a/go.mod h1:STP8DvDyc/dI5b8T5hshtkjS+E42TnysNCUPdjciGhY=
golang.org/x/sys v0.0.0-20190321052220-f7bb7a8bee54 h1:xe1/2UUJRmA9iDglQSlkx8c5n3twv58+K0mPpC2zmhA=
golang.org/x/sys v0.0.0-20190321052220-f7bb7a8bee54/go.mod h1:h1NjWce9XRLGQEsW7wpKNCjG9DtNlClVuFLEZdDNbEs=
