github.com/Nerdmaster/magicsql v0.10.1 h1:01JD0da/2n9HsGnwmd1qS2DTolcaur9u9TVQn0rOC+s=
github.com/Nerdmaster/magicsql v0.10.1/go.mod h1:MqLFz6eaQVE6ysusi3NVz5bcNuULtwfSorc1aoYZG6s=
github.com/Nerdmaster/terminal v0.12.1 h1:DGb3ya55nZdqdBMjWQHNF5mHYHS2eJgYLqmw3KnE1cQ=
github.com/Nerdmaster/terminal v0.12.1/go.mod h1:Dg6++m3aF+P/l8RdYb/2N6zK3CqvUfzhBreUNEWuQ8M=
github.com/go-sql-driver/mysql v1.3.0 h1:pgwjLi/dvffoP9aabwkT3AKpXQM93QARkjFhDDqC1UE=
github.com/go-sql-driver/mysql v1.3.0/go.mod h1:zAC/RDZ24gD3HViQzih4MyKcchzm+sOG5ZlKdlhCg5w=
github.com/gorilla/mux v1.7.0 h1:tOSd0UKHQd6urX6ApfOn4XdBMY6Sh1MfxV3kmaazO+U=
github.com/gorilla/mux v1.7.0/go.mod h1:1lud6UwP+6orDFRuTfBEV8e9/aOM/c4fVVCaMa2zaAs=
github.com/jessevdk/go-flags v1.4.0 h1:4IU2WS7AumrZ/40jfhf4QVDMsQwqA7VEHozFRrGARJA=
github.com/jessevdk/go-flags v1.4.0/go.mod h1:4FA24M0QyGHXBuZZK/XkWh8h0e1EYbRYJSGM75WSRxI=
github.com/mattn/go-sqlite3 v1.10.0 h1:jbhqpg7tQe4SupckyijYiy0mJJ/pRyHvXf7JdWK860o=
github.com/mattn/go-sqlite3 v1.10.0/go.mod h1:FPy6KqzDD04eiIsT53CuJW3U88zkxoIYsOqkbpncsNc=
github.com/uoregon-libraries/gopkg v0.0.0-20180517231339-9730fddd79fb h1:MQsZHG3twNEfST1T0phXwcl54Fa1cvSHkNvbH+AKCJw=
github.com/uoregon-libraries/gopkg v0.0.0-20180517231339-9730fddd79fb/go.mod h1:KatIECqGk8WQe3IvA7h8JcODrAyEwpEfhsxF2bYrKw8=
golang.org/x/crypto v0.0.0-20190320223903-b7391e95e576 h1:aUX/1G2gFSs4AsJJg2cL3HuoRhCSCz733FE5GUSuaT4=
golang.org/x/crypto v0.0.0-20190320223903-b7391e95e576/go.mod h1:djNgcEr1/C05ACkg1iLfiJU5Ep61QUkGW8qpdssI0+w=
golang.org/x/sys v0.0.0-20190215142949-d0b11bdaac8a/go.mod h1:STP8DvDyc/dI5b8T5hshtkjS+E42TnysNCUPdjciGhY=
golang.org/x/sys v0.0.0-20190321052220-f7bb7a8bee54 h1:xe1/2UUJRmA9iDglQSlkx8c5n3twv58+K0mPpC2zmhA=
golang.org/x/sys v0.0.0-20190321052220-f7bb7a8bee54/go.mod h1:h1NjWce9XRLGQEsW7wpKNCjG9DtNlClVuFLEZdDNbEs=
